
Microsoft Visual Studio Solution File, Format Version 12.00
# Visual Studio Version 16
VisualStudioVersion = 16.0.32510.428
MinimumVisualStudioVersion = 10.0.40219.1
Project("{FAE04EC0-301F-11D3-BF4B-00C04F79EFBC}") = "week09", "week09\week09.csproj", "{78CCE63C-F902-4AC6-8482-7C4F23EFB57C}"
EndProject
Global
	GlobalSection(SolutionConfigurationPlatforms) = preSolution
		Debug|Any CPU = Debug|Any CPU
		Release|Any CPU = Release|Any CPU
	EndGlobalSection
	GlobalSection(ProjectConfigurationPlatforms) = postSolution
		{78CCE63C-F902-4AC6-8482-7C4F23EFB57C}.Debug|Any CPU.ActiveCfg = Debug|Any CPU
		{78CCE63C-F902-4AC6-8482-7C4F23EFB57C}.Debug|Any CPU.Build.0 = Debug|Any CPU
		{78CCE63C-F902-4AC6-8482-7C4F23EFB57C}.Release|Any CPU.ActiveCfg = Release|Any CPU
		{78CCE63C-F902-4AC6-8482-7C4F23EFB57C}.Release|Any CPU.Build.0 = Release|Any CPU
	EndGlobalSection
	GlobalSection(SolutionProperties) = preSolution
		HideSolutionNode = FALSE
	EndGlobalSection
	GlobalSection(ExtensibilityGlobals) = postSolution
		SolutionGuid = {2CA48E99-23A4-472E-86D8-19CD912AC3A6}
	EndGlobalSection
EndGlobal
